
Microsoft Visual Studio Solution File, Format Version 12.00
# Visual Studio Version 17
VisualStudioVersion = 17.7.34009.444
MinimumVisualStudioVersion = 10.0.40219.1
Project("{FAE04EC0-301F-11D3-BF4B-00C04F79EFBC}") = "Day9_BasicPrograms", "Day9_BasicPrograms.csproj", "{49A1F6B5-9ACE-4C8D-A743-52A0C3AD2BD5}"
EndProject
Global
	GlobalSection(SolutionConfigurationPlatforms) = preSolution
		Debug|Any CPU = Debug|Any CPU
		Release|Any CPU = Release|Any CPU
	EndGlobalSection
	GlobalSection(ProjectConfigurationPlatforms) = postSolution
		{49A1F6B5-9ACE-4C8D-A743-52A0C3AD2BD5}.Debug|Any CPU.ActiveCfg = Debug|Any CPU
		{49A1F6B5-9ACE-4C8D-A743-52A0C3AD2BD5}.Debug|Any CPU.Build.0 = Debug|Any CPU
		{49A1F6B5-9ACE-4C8D-A743-52A0C3AD2BD5}.Release|Any CPU.ActiveCfg = Release|Any CPU
		{49A1F6B5-9ACE-4C8D-A743-52A0C3AD2BD5}.Release|Any CPU.Build.0 = Release|Any CPU
	EndGlobalSection
	GlobalSection(SolutionProperties) = preSolution
		HideSolutionNode = FALSE
	EndGlobalSection
	GlobalSection(ExtensibilityGlobals) = postSolution
		SolutionGuid = {6D2959AA-3E84-4B08-A752-D8583CF081C0}
	EndGlobalSection
EndGlobal
